{
    "version": 3,
    "terraform_version": "0.11.7",
    "serial": 8,
    "lineage": "5fd95f38-c387-a8e5-9902-a392d48b662b",
    "modules": [
        {
            "path": [
                "root"
            ],
            "outputs": {
                "ip": {
                    "sensitive": false,
                    "type": "string",
                    "value": "54.153.26.139"
                }
            },
            "resources": {
                "aws_instance.jc-test": {
                    "type": "aws_instance",
                    "depends_on": [],
                    "primary": {
                        "id": "i-0ead3b778374adba2",
                        "attributes": {
                            "ami": "ami-6edc380d",
                            "associate_public_ip_address": "true",
                            "availability_zone": "us-west-1a",
                            "credit_specification.#": "1",
                            "credit_specification.0.cpu_credits": "standard",
                            "disable_api_termination": "false",
                            "ebs_block_device.#": "0",
                            "ebs_optimized": "false",
                            "ephemeral_block_device.#": "0",
                            "get_password_data": "false",
                            "iam_instance_profile": "",
                            "id": "i-0ead3b778374adba2",
                            "instance_state": "running",
                            "instance_type": "t2.micro",
                            "ipv6_addresses.#": "0",
                            "key_name": "mykey",
                            "monitoring": "false",
                            "network_interface.#": "0",
                            "network_interface_id": "eni-a9c8baad",
                            "password_data": "",
                            "placement_group": "",
                            "primary_network_interface_id": "eni-a9c8baad",
                            "private_dns": "ip-172-31-5-169.us-west-1.compute.internal",
                            "private_ip": "172.31.5.169",
                            "public_dns": "ec2-54-153-26-139.us-west-1.compute.amazonaws.com",
                            "public_ip": "54.153.26.139",
                            "root_block_device.#": "1",
                            "root_block_device.0.delete_on_termination": "true",
                            "root_block_device.0.iops": "100",
                            "root_block_device.0.volume_id": "vol-0e55d4a9613a48b6c",
                            "root_block_device.0.volume_size": "8",
                            "root_block_device.0.volume_type": "gp2",
                            "security_groups.#": "1",
                            "security_groups.3814588639": "default",
                            "source_dest_check": "true",
                            "subnet_id": "subnet-1ae32f43",
                            "tags.%": "0",
                            "tenancy": "default",
                            "volume_tags.%": "0",
                            "vpc_security_group_ids.#": "1",
                            "vpc_security_group_ids.1844093095": "sg-f4761b91"
                        },
                        "meta": {
                            "e2bfb730-ecaa-11e6-8f88-34363bc7c4c0": {
                                "create": 600000000000,
                                "delete": 1200000000000,
                                "update": 600000000000
                            },
                            "schema_version": "1"
                        },
                        "tainted": false
                    },
                    "deposed": [],
                    "provider": "provider.aws"
                },
                "aws_internet_gateway.jc_vpc_igw": {
                    "type": "aws_internet_gateway",
                    "depends_on": [
                        "aws_vpc.jc_vpc"
                    ],
                    "primary": {
                        "id": "igw-c7f9a8a3",
                        "attributes": {
                            "id": "igw-c7f9a8a3",
                            "tags.%": "1",
                            "tags.Name": "jc_vpc",
                            "vpc_id": "vpc-8b1f5cec"
                        },
                        "meta": {},
                        "tainted": false
                    },
                    "deposed": [],
                    "provider": "provider.aws"
                },
                "aws_route_table.jc_vpc_route_table": {
                    "type": "aws_route_table",
                    "depends_on": [
                        "aws_internet_gateway.jc_vpc_igw",
                        "aws_vpc.jc_vpc"
                    ],
                    "primary": {
                        "id": "rtb-2aae5c4c",
                        "attributes": {
                            "id": "rtb-2aae5c4c",
                            "propagating_vgws.#": "0",
                            "route.#": "1",
                            "route.2867448656.cidr_block": "0.0.0.0/0",
                            "route.2867448656.egress_only_gateway_id": "",
                            "route.2867448656.gateway_id": "igw-c7f9a8a3",
                            "route.2867448656.instance_id": "",
                            "route.2867448656.ipv6_cidr_block": "",
                            "route.2867448656.nat_gateway_id": "",
                            "route.2867448656.network_interface_id": "",
                            "route.2867448656.vpc_peering_connection_id": "",
                            "tags.%": "1",
                            "tags.Name": "jc_vpc",
                            "vpc_id": "vpc-8b1f5cec"
                        },
                        "meta": {},
                        "tainted": false
                    },
                    "deposed": [],
                    "provider": "provider.aws"
                },
                "aws_security_group.allow-http": {
                    "type": "aws_security_group",
                    "depends_on": [
                        "aws_vpc.jc_vpc"
                    ],
                    "primary": {
                        "id": "sg-deb639a6",
                        "attributes": {
                            "arn": "arn:aws:ec2:us-west-1:595430538023:security-group/sg-deb639a6",
                            "description": "security group that allows http and all egress traffic",
                            "egress.#": "1",
                            "egress.2214680975.cidr_blocks.#": "1",
                            "egress.2214680975.cidr_blocks.0": "0.0.0.0/0",
                            "egress.2214680975.description": "",
                            "egress.2214680975.from_port": "80",
                            "egress.2214680975.ipv6_cidr_blocks.#": "0",
                            "egress.2214680975.prefix_list_ids.#": "0",
                            "egress.2214680975.protocol": "tcp",
                            "egress.2214680975.security_groups.#": "0",
                            "egress.2214680975.self": "false",
                            "egress.2214680975.to_port": "80",
                            "id": "sg-deb639a6",
                            "ingress.#": "1",
                            "ingress.2214680975.cidr_blocks.#": "1",
                            "ingress.2214680975.cidr_blocks.0": "0.0.0.0/0",
                            "ingress.2214680975.description": "",
                            "ingress.2214680975.from_port": "80",
                            "ingress.2214680975.ipv6_cidr_blocks.#": "0",
                            "ingress.2214680975.protocol": "tcp",
                            "ingress.2214680975.security_groups.#": "0",
                            "ingress.2214680975.self": "false",
                            "ingress.2214680975.to_port": "80",
                            "name": "allow-http",
                            "owner_id": "595430538023",
                            "revoke_rules_on_delete": "false",
                            "tags.%": "1",
                            "tags.Name": "allow-http",
                            "vpc_id": "vpc-8b1f5cec"
                        },
                        "meta": {
                            "e2bfb730-ecaa-11e6-8f88-34363bc7c4c0": {
                                "create": 600000000000,
                                "delete": 600000000000
                            },
                            "schema_version": "1"
                        },
                        "tainted": false
                    },
                    "deposed": [],
                    "provider": "provider.aws"
                },
                "aws_security_group.allow-https": {
                    "type": "aws_security_group",
                    "depends_on": [
                        "aws_vpc.jc_vpc"
                    ],
                    "primary": {
                        "id": "sg-bcb837c4",
                        "attributes": {
                            "arn": "arn:aws:ec2:us-west-1:595430538023:security-group/sg-bcb837c4",
                            "description": "security group that allows https and all egress traffic",
                            "egress.#": "1",
                            "egress.2617001939.cidr_blocks.#": "1",
                            "egress.2617001939.cidr_blocks.0": "0.0.0.0/0",
                            "egress.2617001939.description": "",
                            "egress.2617001939.from_port": "443",
                            "egress.2617001939.ipv6_cidr_blocks.#": "0",
                            "egress.2617001939.prefix_list_ids.#": "0",
                            "egress.2617001939.protocol": "tcp",
                            "egress.2617001939.security_groups.#": "0",
                            "egress.2617001939.self": "false",
                            "egress.2617001939.to_port": "443",
                            "id": "sg-bcb837c4",
                            "ingress.#": "1",
                            "ingress.2617001939.cidr_blocks.#": "1",
                            "ingress.2617001939.cidr_blocks.0": "0.0.0.0/0",
                            "ingress.2617001939.description": "",
                            "ingress.2617001939.from_port": "443",
                            "ingress.2617001939.ipv6_cidr_blocks.#": "0",
                            "ingress.2617001939.protocol": "tcp",
                            "ingress.2617001939.security_groups.#": "0",
                            "ingress.2617001939.self": "false",
                            "ingress.2617001939.to_port": "443",
                            "name": "allow-https",
                            "owner_id": "595430538023",
                            "revoke_rules_on_delete": "false",
                            "tags.%": "1",
                            "tags.Name": "allow-https",
                            "vpc_id": "vpc-8b1f5cec"
                        },
                        "meta": {
                            "e2bfb730-ecaa-11e6-8f88-34363bc7c4c0": {
                                "create": 600000000000,
                                "delete": 600000000000
                            },
                            "schema_version": "1"
                        },
                        "tainted": false
                    },
                    "deposed": [],
                    "provider": "provider.aws"
                },
                "aws_security_group.allow-ssh": {
                    "type": "aws_security_group",
                    "depends_on": [
                        "aws_vpc.jc_vpc"
                    ],
                    "primary": {
                        "id": "sg-cfb936b7",
                        "attributes": {
                            "arn": "arn:aws:ec2:us-west-1:595430538023:security-group/sg-cfb936b7",
                            "description": "security group that allows ssh and all egress traffic",
                            "egress.#": "1",
                            "egress.482069346.cidr_blocks.#": "1",
                            "egress.482069346.cidr_blocks.0": "0.0.0.0/0",
                            "egress.482069346.description": "",
                            "egress.482069346.from_port": "0",
                            "egress.482069346.ipv6_cidr_blocks.#": "0",
                            "egress.482069346.prefix_list_ids.#": "0",
                            "egress.482069346.protocol": "-1",
                            "egress.482069346.security_groups.#": "0",
                            "egress.482069346.self": "false",
                            "egress.482069346.to_port": "0",
                            "id": "sg-cfb936b7",
                            "ingress.#": "1",
                            "ingress.2541437006.cidr_blocks.#": "1",
                            "ingress.2541437006.cidr_blocks.0": "0.0.0.0/0",
                            "ingress.2541437006.description": "",
                            "ingress.2541437006.from_port": "22",
                            "ingress.2541437006.ipv6_cidr_blocks.#": "0",
                            "ingress.2541437006.protocol": "tcp",
                            "ingress.2541437006.security_groups.#": "0",
                            "ingress.2541437006.self": "false",
                            "ingress.2541437006.to_port": "22",
                            "name": "allow-ssh",
                            "owner_id": "595430538023",
                            "revoke_rules_on_delete": "false",
                            "tags.%": "1",
                            "tags.Name": "allow-ssh",
                            "vpc_id": "vpc-8b1f5cec"
                        },
                        "meta": {
                            "e2bfb730-ecaa-11e6-8f88-34363bc7c4c0": {
                                "create": 600000000000,
                                "delete": 600000000000
                            },
                            "schema_version": "1"
                        },
                        "tainted": false
                    },
                    "deposed": [],
                    "provider": "provider.aws"
                },
                "aws_subnet.jc_vpc_private-1": {
                    "type": "aws_subnet",
                    "depends_on": [
                        "aws_vpc.jc_vpc"
                    ],
                    "primary": {
                        "id": "subnet-9b83d4c0",
                        "attributes": {
                            "assign_ipv6_address_on_creation": "false",
                            "availability_zone": "us-west-1a",
                            "cidr_block": "10.0.3.0/24",
                            "id": "subnet-9b83d4c0",
                            "map_public_ip_on_launch": "false",
                            "tags.%": "1",
                            "tags.Name": "jc_vpc-private-1",
                            "vpc_id": "vpc-8b1f5cec"
                        },
                        "meta": {
                            "schema_version": "1"
                        },
                        "tainted": false
                    },
                    "deposed": [],
                    "provider": "provider.aws"
                },
                "aws_subnet.jc_vpc_private-2": {
                    "type": "aws_subnet",
                    "depends_on": [
                        "aws_vpc.jc_vpc"
                    ],
                    "primary": {
                        "id": "subnet-ff7b4198",
                        "attributes": {
                            "assign_ipv6_address_on_creation": "false",
                            "availability_zone": "us-west-1b",
                            "cidr_block": "10.0.4.0/24",
                            "id": "subnet-ff7b4198",
                            "map_public_ip_on_launch": "false",
                            "tags.%": "1",
                            "tags.Name": "jc_vpc-private-2",
                            "vpc_id": "vpc-8b1f5cec"
                        },
                        "meta": {
                            "schema_version": "1"
                        },
                        "tainted": false
                    },
                    "deposed": [],
                    "provider": "provider.aws"
                },
                "aws_subnet.jc_vpc_public-1": {
                    "type": "aws_subnet",
                    "depends_on": [
                        "aws_vpc.jc_vpc"
                    ],
                    "primary": {
                        "id": "subnet-1b81d640",
                        "attributes": {
                            "assign_ipv6_address_on_creation": "false",
                            "availability_zone": "us-west-1a",
                            "cidr_block": "10.0.1.0/24",
                            "id": "subnet-1b81d640",
                            "map_public_ip_on_launch": "true",
                            "tags.%": "1",
                            "tags.Name": "jc_vpc-public-1",
                            "vpc_id": "vpc-8b1f5cec"
                        },
                        "meta": {
                            "schema_version": "1"
                        },
                        "tainted": false
                    },
                    "deposed": [],
                    "provider": "provider.aws"
                },
                "aws_subnet.jc_vpc_public-2": {
                    "type": "aws_subnet",
                    "depends_on": [
                        "aws_vpc.jc_vpc"
                    ],
                    "primary": {
                        "id": "subnet-017c4666",
                        "attributes": {
                            "assign_ipv6_address_on_creation": "false",
                            "availability_zone": "us-west-1b",
                            "cidr_block": "10.0.2.0/24",
                            "id": "subnet-017c4666",
                            "map_public_ip_on_launch": "true",
                            "tags.%": "1",
                            "tags.Name": "jc_vpc-public-2",
                            "vpc_id": "vpc-8b1f5cec"
                        },
                        "meta": {
                            "schema_version": "1"
                        },
                        "tainted": false
                    },
                    "deposed": [],
                    "provider": "provider.aws"
                },
                "aws_vpc.jc_vpc": {
                    "type": "aws_vpc",
                    "depends_on": [],
                    "primary": {
                        "id": "vpc-8b1f5cec",
                        "attributes": {
                            "assign_generated_ipv6_cidr_block": "false",
                            "cidr_block": "10.0.0.0/16",
                            "default_network_acl_id": "acl-3fa1b258",
                            "default_route_table_id": "rtb-05af5d63",
                            "default_security_group_id": "sg-b8bb34c0",
                            "dhcp_options_id": "dopt-6e52bf0b",
                            "enable_classiclink": "false",
                            "enable_classiclink_dns_support": "false",
                            "enable_dns_hostnames": "true",
                            "enable_dns_support": "true",
                            "id": "vpc-8b1f5cec",
                            "instance_tenancy": "default",
                            "main_route_table_id": "rtb-05af5d63",
                            "tags.%": "1",
                            "tags.Name": "jc_vpc"
                        },
                        "meta": {
                            "schema_version": "1"
                        },
                        "tainted": false
                    },
                    "deposed": [],
                    "provider": "provider.aws"
                }
            },
            "depends_on": []
        }
    ]
}
